Microsoft Visual Studio Solution File, Format Version 12.00
# Visual Studio Version 17
VisualStudioVersion = 17.5.2.0
MinimumVisualStudioVersion = 10.0.40219.1
Project("{FAE04EC0-301F-11D3-BF4B-00C04F79EFBC}") = "challenge02", "challenge02\challenge02.csproj", "{FC88C165-BB4A-8028-690D-98C7680BCB52}"
EndProject
Project("{FAE04EC0-301F-11D3-BF4B-00C04F79EFBC}") = "challenge02.tests", "challenge02.tests\challenge02.tests.csproj", "{6E7E2CC1-80B5-4F12-8796-8098A2C6D923}"
EndProject
Global
	GlobalSection(SolutionConfigurationPlatforms) = preSolution
		Debug|Any CPU = Debug|Any CPU
		Release|Any CPU = Release|Any CPU
	EndGlobalSection
	GlobalSection(ProjectConfigurationPlatforms) = postSolution
		{FC88C165-BB4A-8028-690D-98C7680BCB52}.Debug|Any CPU.ActiveCfg = Debug|Any CPU
		{FC88C165-BB4A-8028-690D-98C7680BCB52}.Debug|Any CPU.Build.0 = Debug|Any CPU
		{FC88C165-BB4A-8028-690D-98C7680BCB52}.Release|Any CPU.ActiveCfg = Release|Any CPU
		{FC88C165-BB4A-8028-690D-98C7680BCB52}.Release|Any CPU.Build.0 = Release|Any CPU
		{6E7E2CC1-80B5-4F12-8796-8098A2C6D923}.Debug|Any CPU.ActiveCfg = Debug|Any CPU
		{6E7E2CC1-80B5-4F12-8796-8098A2C6D923}.Debug|Any CPU.Build.0 = Debug|Any CPU
		{6E7E2CC1-80B5-4F12-8796-8098A2C6D923}.Release|Any CPU.ActiveCfg = Release|Any CPU
		{6E7E2CC1-80B5-4F12-8796-8098A2C6D923}.Release|Any CPU.Build.0 = Release|Any CPU
	EndGlobalSection
	GlobalSection(SolutionProperties) = preSolution
		HideSolutionNode = FALSE
	EndGlobalSection
	GlobalSection(ExtensibilityGlobals) = postSolution
		SolutionGuid = {4EE82CB4-4205-4ABB-863E-3729A34DEF1D}
	EndGlobalSection
EndGlobal
